
Microsoft Visual Studio Solution File, Format Version 12.00
# Visual Studio Version 17
VisualStudioVersion = 17.2.32616.157
MinimumVisualStudioVersion = 10.0.40219.1
Project("{FAE04EC0-301F-11D3-BF4B-00C04F79EFBC}") = "GitTest2", "GitTest2\GitTest2.csproj", "{0F9FC9D4-D25B-4C18-8BDC-BBCD230C1715}"
EndProject
Global
	GlobalSection(SolutionConfigurationPlatforms) = preSolution
		Debug|Any CPU = Debug|Any CPU
		Release|Any CPU = Release|Any CPU
	EndGlobalSection
	GlobalSection(ProjectConfigurationPlatforms) = postSolution
		{0F9FC9D4-D25B-4C18-8BDC-BBCD230C1715}.Debug|Any CPU.ActiveCfg = Debug|Any CPU
		{0F9FC9D4-D25B-4C18-8BDC-BBCD230C1715}.Debug|Any CPU.Build.0 = Debug|Any CPU
		{0F9FC9D4-D25B-4C18-8BDC-BBCD230C1715}.Release|Any CPU.ActiveCfg = Release|Any CPU
		{0F9FC9D4-D25B-4C18-8BDC-BBCD230C1715}.Release|Any CPU.Build.0 = Release|Any CPU
	EndGlobalSection
	GlobalSection(SolutionProperties) = preSolution
		HideSolutionNode = FALSE
	EndGlobalSection
	GlobalSection(ExtensibilityGlobals) = postSolution
		SolutionGuid = {D53E3E88-B223-4EB4-8AC3-215FE5110D2D}
	EndGlobalSection
EndGlobal
